// !$*UTF8*$!
{
	archiveVersion = 1;
	classes = {
	};
	objectVersion = 56;
	objects = {

/* Begin PBXBuildFile section */
		FC2A37D02A73612A00794DEE /* MPageMenu.framework in Frameworks */ = {isa = PBXBuildFile; fileRef = FC2A37C72A73612A00794DEE /* MPageMenu.framework */; };
		FC2A37D52A73612A00794DEE /* MPageMenuTests.swift in Sources */ = {isa = PBXBuildFile; fileRef = FC2A37D42A73612A00794DEE /* MPageMenuTests.swift */; };
		FC2A37D62A73612A00794DEE /* MPageMenu.h in Headers */ = {isa = PBXBuildFile; fileRef = FC2A37CA2A73612A00794DEE /* MPageMenu.h */; settings = {ATTRIBUTES = (Public, ); }; };
		FC2A37E02A73616300794DEE /* MPageMenuViewController.swift in Sources */ = {isa = PBXBuildFile; fileRef = FC2A37DF2A73616300794DEE /* MPageMenuViewController.swift */; };
		FC2A37E82A73625100794DEE /* AppDelegate.swift in Sources */ = {isa = PBXBuildFile; fileRef = FC2A37E72A73625100794DEE /* AppDelegate.swift */; };
		FC2A37EA2A73625100794DEE /* SceneDelegate.swift in Sources */ = {isa = PBXBuildFile; fileRef = FC2A37E92A73625100794DEE /* SceneDelegate.swift */; };
		FC2A37EC2A73625100794DEE /* ViewController.swift in Sources */ = {isa = PBXBuildFile; fileRef = FC2A37EB2A73625100794DEE /* ViewController.swift */; };
		FC2A37EF2A73625100794DEE /* Main.storyboard in Resources */ = {isa = PBXBuildFile; fileRef = FC2A37ED2A73625100794DEE /* Main.storyboard */; };
		FC2A37F12A73625200794DEE /* Assets.xcassets in Resources */ = {isa = PBXBuildFile; fileRef = FC2A37F02A73625200794DEE /* Assets.xcassets */; };
		FC2A37F42A73625200794DEE /* LaunchScreen.storyboard in Resources */ = {isa = PBXBuildFile; fileRef = FC2A37F22A73625200794DEE /* LaunchScreen.storyboard */; };
		FC2A38002A73628700794DEE /* CAPSPageMenu+UIConfiguration.swift in Sources */ = {isa = PBXBuildFile; fileRef = FC2A37F92A73628700794DEE /* CAPSPageMenu+UIConfiguration.swift */; };
		FC2A38012A73628700794DEE /* CAPSPageMenu+UIGestureRecognizerDelegate.swift in Sources */ = {isa = PBXBuildFile; fileRef = FC2A37FA2A73628700794DEE /* CAPSPageMenu+UIGestureRecognizerDelegate.swift */; };
		FC2A38022A73628700794DEE /* MenuItemView.swift in Sources */ = {isa = PBXBuildFile; fileRef = FC2A37FB2A73628700794DEE /* MenuItemView.swift */; };
		FC2A38032A73628700794DEE /* CAPSPageMenu.swift in Sources */ = {isa = PBXBuildFile; fileRef = FC2A37FC2A73628700794DEE /* CAPSPageMenu.swift */; };
		FC2A38042A73628700794DEE /* CAPSPageMenuConfiguration.swift in Sources */ = {isa = PBXBuildFile; fileRef = FC2A37FD2A73628700794DEE /* CAPSPageMenuConfiguration.swift */; };
		FC2A38052A73628700794DEE /* CAPSPageMenu+UIScrollViewDelegate.swift in Sources */ = {isa = PBXBuildFile; fileRef = FC2A37FE2A73628700794DEE /* CAPSPageMenu+UIScrollViewDelegate.swift */; };
		FC2A38062A73628700794DEE /* CAPSPageMenu+Options.swift in Sources */ = {isa = PBXBuildFile; fileRef = FC2A37FF2A73628700794DEE /* CAPSPageMenu+Options.swift */; };
/* End PBXBuildFile section */

/* Begin PBXContainerItemProxy section */
		FC2A37D12A73612A00794DEE /* PBXContainerItemProxy */ = {
			isa = PBXContainerItemProxy;
			containerPortal = FC2A37BE2A73612900794DEE /* Project object */;
			proxyType = 1;
			remoteGlobalIDString = FC2A37C62A73612A00794DEE;
			remoteInfo = MPageMenu;
		};
/* End PBXContainerItemProxy section */

/* Begin PBXFileReference section */
		FC2A37C72A73612A00794DEE /* MPageMenu.framework */ = {isa = PBXFileReference; explicitFileType = wrapper.framework; includeInIndex = 0; path = MPageMenu.framework; sourceTree = BUILT_PRODUCTS_DIR; };
		FC2A37CA2A73612A00794DEE /* MPageMenu.h */ = {isa = PBXFileReference; lastKnownFileType = sourcecode.c.h; path = MPageMenu.h; sourceTree = "<group>"; };
		FC2A37CF2A73612A00794DEE /* MPageMenuTests.xctest */ = {isa = PBXFileReference; explicitFileType = wrapper.cfbundle; includeInIndex = 0; path = MPageMenuTests.xctest; sourceTree = BUILT_PRODUCTS_DIR; };
		FC2A37D42A73612A00794DEE /* MPageMenuTests.swift */ = {isa = PBXFileReference; lastKnownFileType = sourcecode.swift; path = MPageMenuTests.swift; sourceTree = "<group>"; };
		FC2A37DF2A73616300794DEE /* MPageMenuViewController.swift */ = {isa = PBXFileReference; lastKnownFileType = sourcecode.swift; path = MPageMenuViewController.swift; sourceTree = "<group>"; };
		FC2A37E52A73625100794DEE /* MPageMenuExample.app */ = {isa = PBXFileReference; explicitFileType = wrapper.application; includeInIndex = 0; path = MPageMenuExample.app; sourceTree = BUILT_PRODUCTS_DIR; };
		FC2A37E72A73625100794DEE /* AppDelegate.swift */ = {isa = PBXFileReference; lastKnownFileType = sourcecode.swift; path = AppDelegate.swift; sourceTree = "<group>"; };
		FC2A37E92A73625100794DEE /* SceneDelegate.swift */ = {isa = PBXFileReference; lastKnownFileType = sourcecode.swift; path = SceneDelegate.swift; sourceTree = "<group>"; };
		FC2A37EB2A73625100794DEE /* ViewController.swift */ = {isa = PBXFileReference; lastKnownFileType = sourcecode.swift; path = ViewController.swift; sourceTree = "<group>"; };
		FC2A37EE2A73625100794DEE /* Base */ = {isa = PBXFileReference; lastKnownFileType = file.storyboard; name = Base; path = Base.lproj/Main.storyboard; sourceTree = "<group>"; };
		FC2A37F02A73625200794DEE /* Assets.xcassets */ = {isa = PBXFileReference; lastKnownFileType = folder.assetcatalog; path = Assets.xcassets; sourceTree = "<group>"; };
		FC2A37F32A73625200794DEE /* Base */ = {isa = PBXFileReference; lastKnownFileType = file.storyboard; name = Base; path = Base.lproj/LaunchScreen.storyboard; sourceTree = "<group>"; };
		FC2A37F52A73625200794DEE /* Info.plist */ = {isa = PBXFileReference; lastKnownFileType = text.plist.xml; path = Info.plist; sourceTree = "<group>"; };
		FC2A37F92A73628700794DEE /* CAPSPageMenu+UIConfiguration.swift */ = {isa = PBXFileReference; lastKnownFileType = sourcecode.swift; path = "CAPSPageMenu+UIConfiguration.swift"; sourceTree = "<group>"; };
		FC2A37FA2A73628700794DEE /* CAPSPageMenu+UIGestureRecognizerDelegate.swift */ = {isa = PBXFileReference; lastKnownFileType = sourcecode.swift; path = "CAPSPageMenu+UIGestureRecognizerDelegate.swift"; sourceTree = "<group>"; };
		FC2A37FB2A73628700794DEE /* MenuItemView.swift */ = {isa = PBXFileReference; lastKnownFileType = sourcecode.swift; path = MenuItemView.swift; sourceTree = "<group>"; };
		FC2A37FC2A73628700794DEE /* CAPSPageMenu.swift */ = {isa = PBXFileReference; lastKnownFileType = sourcecode.swift; path = CAPSPageMenu.swift; sourceTree = "<group>"; };
		FC2A37FD2A73628700794DEE /* CAPSPageMenuConfiguration.swift */ = {isa = PBXFileReference; lastKnownFileType = sourcecode.swift; path = CAPSPageMenuConfiguration.swift; sourceTree = "<group>"; };
		FC2A37FE2A73628700794DEE /* CAPSPageMenu+UIScrollViewDelegate.swift */ = {isa = PBXFileReference; lastKnownFileType = sourcecode.swift; path = "CAPSPageMenu+UIScrollViewDelegate.swift"; sourceTree = "<group>"; };
		FC2A37FF2A73628700794DEE /* CAPSPageMenu+Options.swift */ = {isa = PBXFileReference; lastKnownFileType = sourcecode.swift; path = "CAPSPageMenu+Options.swift"; sourceTree = "<group>"; };
/* End PBXFileReference section */

/* Begin PBXFrameworksBuildPhase section */
		FC2A37C42A73612A00794DEE /* Frameworks */ = {
			isa = PBXFrameworksBuildPhase;
			buildActionMask = 2147483647;
			files = (
			);
			runOnlyForDeploymentPostprocessing = 0;
		};
		FC2A37CC2A73612A00794DEE /* Frameworks */ = {
			isa = PBXFrameworksBuildPhase;
			buildActionMask = 2147483647;
			files = (
				FC2A37D02A73612A00794DEE /* MPageMenu.framework in Frameworks */,
			);
			runOnlyForDeploymentPostprocessing = 0;
		};
		FC2A37E22A73625100794DEE /* Frameworks */ = {
			isa = PBXFrameworksBuildPhase;
			buildActionMask = 2147483647;
			files = (
			);
			runOnlyForDeploymentPostprocessing = 0;
		};
/* End PBXFrameworksBuildPhase section */

/* Begin PBXGroup section */
		FC2A37BD2A73612900794DEE = {
			isa = PBXGroup;
			children = (
				FC2A37C92A73612A00794DEE /* MPageMenu */,
				FC2A37D32A73612A00794DEE /* MPageMenuTests */,
				FC2A37E62A73625100794DEE /* MPageMenuExample */,
				FC2A37C82A73612A00794DEE /* Products */,
			);
			sourceTree = "<group>";
		};
		FC2A37C82A73612A00794DEE /* Products */ = {
			isa = PBXGroup;
			children = (
				FC2A37C72A73612A00794DEE /* MPageMenu.framework */,
				FC2A37CF2A73612A00794DEE /* MPageMenuTests.xctest */,
				FC2A37E52A73625100794DEE /* MPageMenuExample.app */,
			);
			name = Products;
			sourceTree = "<group>";
		};
		FC2A37C92A73612A00794DEE /* MPageMenu */ = {
			isa = PBXGroup;
			children = (
				FC2A38082A73629400794DEE /* Source */,
				FC2A37DF2A73616300794DEE /* MPageMenuViewController.swift */,
				FC2A37CA2A73612A00794DEE /* MPageMenu.h */,
			);
			path = MPageMenu;
			sourceTree = "<group>";
		};
		FC2A37D32A73612A00794DEE /* MPageMenuTests */ = {
			isa = PBXGroup;
			children = (
				FC2A37D42A73612A00794DEE /* MPageMenuTests.swift */,
			);
			path = MPageMenuTests;
			sourceTree = "<group>";
		};
		FC2A37E62A73625100794DEE /* MPageMenuExample */ = {
			isa = PBXGroup;
			children = (
				FC2A37E72A73625100794DEE /* AppDelegate.swift */,
				FC2A37E92A73625100794DEE /* SceneDelegate.swift */,
				FC2A37EB2A73625100794DEE /* ViewController.swift */,
				FC2A37ED2A73625100794DEE /* Main.storyboard */,
				FC2A37F02A73625200794DEE /* Assets.xcassets */,
				FC2A37F22A73625200794DEE /* LaunchScreen.storyboard */,
				FC2A37F52A73625200794DEE /* Info.plist */,
			);
			path = MPageMenuExample;
			sourceTree = "<group>";
		};
		FC2A38082A73629400794DEE /* Source */ = {
			isa = PBXGroup;
			children = (
				FC2A37FC2A73628700794DEE /* CAPSPageMenu.swift */,
				FC2A37FF2A73628700794DEE /* CAPSPageMenu+Options.swift */,
				FC2A37F92A73628700794DEE /* CAPSPageMenu+UIConfiguration.swift */,
				FC2A37FA2A73628700794DEE /* CAPSPageMenu+UIGestureRecognizerDelegate.swift */,
				FC2A37FE2A73628700794DEE /* CAPSPageMenu+UIScrollViewDelegate.swift */,
				FC2A37FD2A73628700794DEE /* CAPSPageMenuConfiguration.swift */,
				FC2A37FB2A73628700794DEE /* MenuItemView.swift */,
			);
			path = Source;
			sourceTree = "<group>";
		};
/* End PBXGroup section */

/* Begin PBXHeadersBuildPhase section */
		FC2A37C22A73612A00794DEE /* Headers */ = {
			isa = PBXHeadersBuildPhase;
			buildActionMask = 2147483647;
			files = (
				FC2A37D62A73612A00794DEE /* MPageMenu.h in Headers */,
			);
			runOnlyForDeploymentPostprocessing = 0;
		};
/* End PBXHeadersBuildPhase section */

/* Begin PBXNativeTarget section */
		FC2A37C62A73612A00794DEE /* MPageMenu */ = {
			isa = PBXNativeTarget;
			buildConfigurationList = FC2A37D92A73612A00794DEE /* Build configuration list for PBXNativeTarget "MPageMenu" */;
			buildPhases = (
				FC2A37C22A73612A00794DEE /* Headers */,
				FC2A37C32A73612A00794DEE /* Sources */,
				FC2A37C42A73612A00794DEE /* Frameworks */,
				FC2A37C52A73612A00794DEE /* Resources */,
			);
			buildRules = (
			);
			dependencies = (
			);
			name = MPageMenu;
			productName = MPageMenu;
			productReference = FC2A37C72A73612A00794DEE /* MPageMenu.framework */;
			productType = "com.apple.product-type.framework";
		};
		FC2A37CE2A73612A00794DEE /* MPageMenuTests */ = {
			isa = PBXNativeTarget;
			buildConfigurationList = FC2A37DC2A73612A00794DEE /* Build configuration list for PBXNativeTarget "MPageMenuTests" */;
			buildPhases = (
				FC2A37CB2A73612A00794DEE /* Sources */,
				FC2A37CC2A73612A00794DEE /* Frameworks */,
				FC2A37CD2A73612A00794DEE /* Resources */,
			);
			buildRules = (
			);
			dependencies = (
				FC2A37D22A73612A00794DEE /* PBXTargetDependency */,
			);
			name = MPageMenuTests;
			productName = MPageMenuTests;
			productReference = FC2A37CF2A73612A00794DEE /* MPageMenuTests.xctest */;
			productType = "com.apple.product-type.bundle.unit-test";
		};
		FC2A37E42A73625100794DEE /* MPageMenuExample */ = {
			isa = PBXNativeTarget;
			buildConfigurationList = FC2A37F62A73625200794DEE /* Build configuration list for PBXNativeTarget "MPageMenuExample" */;
			buildPhases = (
				FC2A37E12A73625100794DEE /* Sources */,
				FC2A37E22A73625100794DEE /* Frameworks */,
				FC2A37E32A73625100794DEE /* Resources */,
			);
			buildRules = (
			);
			dependencies = (
			);
			name = MPageMenuExample;
			productName = MPageMenuExample;
			productReference = FC2A37E52A73625100794DEE /* MPageMenuExample.app */;
			productType = "com.apple.product-type.application";
		};
/* End PBXNativeTarget section */

/* Begin PBXProject section */
		FC2A37BE2A73612900794DEE /* Project object */ = {
			isa = PBXProject;
			attributes = {
				BuildIndependentTargetsInParallel = 1;
				LastSwiftUpdateCheck = 1430;
				LastUpgradeCheck = 1430;
				TargetAttributes = {
					FC2A37C62A73612A00794DEE = {
						CreatedOnToolsVersion = 14.3.1;
						LastSwiftMigration = 1430;
					};
					FC2A37CE2A73612A00794DEE = {
						CreatedOnToolsVersion = 14.3.1;
					};
					FC2A37E42A73625100794DEE = {
						CreatedOnToolsVersion = 14.3.1;
					};
				};
			};
			buildConfigurationList = FC2A37C12A73612900794DEE /* Build configuration list for PBXProject "MPageMenu" */;
			compatibilityVersion = "Xcode 14.0";
			developmentRegion = en;
			hasScannedForEncodings = 0;
			knownRegions = (
				en,
				Base,
			);
			mainGroup = FC2A37BD2A73612900794DEE;
			productRefGroup = FC2A37C82A73612A00794DEE /* Products */;
			projectDirPath = "";
			projectRoot = "";
			targets = (
				FC2A37C62A73612A00794DEE /* MPageMenu */,
				FC2A37CE2A73612A00794DEE /* MPageMenuTests */,
				FC2A37E42A73625100794DEE /* MPageMenuExample */,
			);
		};
/* End PBXProject section */

/* Begin PBXResourcesBuildPhase section */
		FC2A37C52A73612A00794DEE /* Resources */ = {
			isa = PBXResourcesBuildPhase;
			buildActionMask = 2147483647;
			files = (
			);
			runOnlyForDeploymentPostprocessing = 0;
		};
		FC2A37CD2A73612A00794DEE /* Resources */ = {
			isa = PBXResourcesBuildPhase;
			buildActionMask = 2147483647;
			files = (
			);
			runOnlyForDeploymentPostprocessing = 0;
		};
		FC2A37E32A73625100794DEE /* Resources */ = {
			isa = PBXResourcesBuildPhase;
			buildActionMask = 2147483647;
			files = (
				FC2A37F42A73625200794DEE /* LaunchScreen.storyboard in Resources */,
				FC2A37F12A73625200794DEE /* Assets.xcassets in Resources */,
				FC2A37EF2A73625100794DEE /* Main.storyboard in Resources */,
			);
			runOnlyForDeploymentPostprocessing = 0;
		};
/* End PBXResourcesBuildPhase section */

/* Begin PBXSourcesBuildPhase section */
		FC2A37C32A73612A00794DEE /* Sources */ = {
			isa = PBXSourcesBuildPhase;
			buildActionMask = 2147483647;
			files = (
				FC2A38002A73628700794DEE /* CAPSPageMenu+UIConfiguration.swift in Sources */,
				FC2A38012A73628700794DEE /* CAPSPageMenu+UIGestureRecognizerDelegate.swift in Sources */,
				FC2A38022A73628700794DEE /* MenuItemView.swift in Sources */,
				FC2A38032A73628700794DEE /* CAPSPageMenu.swift in Sources */,
				FC2A38042A73628700794DEE /* CAPSPageMenuConfiguration.swift in Sources */,
				FC2A38052A73628700794DEE /* CAPSPageMenu+UIScrollViewDelegate.swift in Sources */,
				FC2A38062A73628700794DEE /* CAPSPageMenu+Options.swift in Sources */,
				FC2A37E02A73616300794DEE /* MPageMenuViewController.swift in Sources */,
			);
			runOnlyForDeploymentPostprocessing = 0;
		};
		FC2A37CB2A73612A00794DEE /* Sources */ = {
			isa = PBXSourcesBuildPhase;
			buildActionMask = 2147483647;
			files = (
				FC2A37D52A73612A00794DEE /* MPageMenuTests.swift in Sources */,
			);
			runOnlyForDeploymentPostprocessing = 0;
		};
		FC2A37E12A73625100794DEE /* Sources */ = {
			isa = PBXSourcesBuildPhase;
			buildActionMask = 2147483647;
			files = (
				FC2A37EC2A73625100794DEE /* ViewController.swift in Sources */,
				FC2A37E82A73625100794DEE /* AppDelegate.swift in Sources */,
				FC2A37EA2A73625100794DEE /* SceneDelegate.swift in Sources */,
			);
			runOnlyForDeploymentPostprocessing = 0;
		};
/* End PBXSourcesBuildPhase section */

/* Begin PBXTargetDependency section */
		FC2A37D22A73612A00794DEE /* PBXTargetDependency */ = {
			isa = PBXTargetDependency;
			target = FC2A37C62A73612A00794DEE /* MPageMenu */;
			targetProxy = FC2A37D12A73612A00794DEE /* PBXContainerItemProxy */;
		};
/* End PBXTargetDependency section */

/* Begin PBXVariantGroup section */
		FC2A37ED2A73625100794DEE /* Main.storyboard */ = {
			isa = PBXVariantGroup;
			children = (
				FC2A37EE2A73625100794DEE /* Base */,
			);
			name = Main.storyboard;
			sourceTree = "<group>";
		};
		FC2A37F22A73625200794DEE /* LaunchScreen.storyboard */ = {
			isa = PBXVariantGroup;
			children = (
				FC2A37F32A73625200794DEE /* Base */,
			);
			name = LaunchScreen.storyboard;
			sourceTree = "<group>";
		};
/* End PBXVariantGroup section */

/* Begin XCBuildConfiguration section */
		FC2A37D72A73612A00794DEE /* Debug */ = {
			isa = XCBuildConfiguration;
			buildSettings = {
				ALWAYS_SEARCH_USER_PATHS = NO;
				CLANG_ANALYZER_NONNULL = YES;
				CLANG_ANALYZER_NUMBER_OBJECT_CONVERSION = YES_AGGRESSIVE;
				CLANG_CXX_LANGUAGE_STANDARD = "gnu++20";
				CLANG_ENABLE_MODULES = YES;
				CLANG_ENABLE_OBJC_ARC = YES;
				CLANG_ENABLE_OBJC_WEAK = YES;
				CLANG_WARN_BLOCK_CAPTURE_AUTORELEASING = YES;
				CLANG_WARN_BOOL_CONVERSION = YES;
				CLANG_WARN_COMMA = YES;
				CLANG_WARN_CONSTANT_CONVERSION = YES;
				CLANG_WARN_DEPRECATED_OBJC_IMPLEMENTATIONS = YES;
				CLANG_WARN_DIRECT_OBJC_ISA_USAGE = YES_ERROR;
				CLANG_WARN_DOCUMENTATION_COMMENTS = YES;
				CLANG_WARN_EMPTY_BODY = YES;
				CLANG_WARN_ENUM_CONVERSION = YES;
				CLANG_WARN_INFINITE_RECURSION = YES;
				CLANG_WARN_INT_CONVERSION = YES;
				CLANG_WARN_NON_LITERAL_NULL_CONVERSION = YES;
				CLANG_WARN_OBJC_IMPLICIT_RETAIN_SELF = YES;
				CLANG_WARN_OBJC_LITERAL_CONVERSION = YES;
				CLANG_WARN_OBJC_ROOT_CLASS = YES_ERROR;
				CLANG_WARN_QUOTED_INCLUDE_IN_FRAMEWORK_HEADER = YES;
				CLANG_WARN_RANGE_LOOP_ANALYSIS = YES;
				CLANG_WARN_STRICT_PROTOTYPES = YES;
				CLANG_WARN_SUSPICIOUS_MOVE = YES;
				CLANG_WARN_UNGUARDED_AVAILABILITY = YES_AGGRESSIVE;
				CLANG_WARN_UNREACHABLE_CODE = YES;
				CLANG_WARN__DUPLICATE_METHOD_MATCH = YES;
				COPY_PHASE_STRIP = NO;
				CURRENT_PROJECT_VERSION = 1;
				DEBUG_INFORMATION_FORMAT = dwarf;
				ENABLE_STRICT_OBJC_MSGSEND = YES;
				ENABLE_TESTABILITY = YES;
				GCC_C_LANGUAGE_STANDARD = gnu11;
				GCC_DYNAMIC_NO_PIC = NO;
				GCC_NO_COMMON_BLOCKS = YES;
				GCC_OPTIMIZATION_LEVEL = 0;
				GCC_PREPROCESSOR_DEFINITIONS = (
					"DEBUG=1",
					"$(inherited)",
				);
				GCC_WARN_64_TO_32_BIT_CONVERSION = YES;
				GCC_WARN_ABOUT_RETURN_TYPE = YES_ERROR;
				GCC_WARN_UNDECLARED_SELECTOR = YES;
				GCC_WARN_UNINITIALIZED_AUTOS = YES_AGGRESSIVE;
				GCC_WARN_UNUSED_FUNCTION = YES;
				GCC_WARN_UNUSED_VARIABLE = YES;
				IPHONEOS_DEPLOYMENT_TARGET = 11.0;
				MTL_ENABLE_DEBUG_INFO = INCLUDE_SOURCE;
				MTL_FAST_MATH = YES;
				ONLY_ACTIVE_ARCH = YES;
				SDKROOT = iphoneos;
				SWIFT_ACTIVE_COMPILATION_CONDITIONS = DEBUG;
				SWIFT_OPTIMIZATION_LEVEL = "-Onone";
				VERSIONING_SYSTEM = "apple-generic";
				VERSION_INFO_PREFIX = "";
			};
			name = Debug;
		};
		FC2A37D82A73612A00794DEE /* Release */ = {
			isa = XCBuildConfiguration;
			buildSettings = {
				ALWAYS_SEARCH_USER_PATHS = NO;
				CLANG_ANALYZER_NONNULL = YES;
				CLANG_ANALYZER_NUMBER_OBJECT_CONVERSION = YES_AGGRESSIVE;
				CLANG_CXX_LANGUAGE_STANDARD = "gnu++20";
				CLANG_ENABLE_MODULES = YES;
				CLANG_ENABLE_OBJC_ARC = YES;
				CLANG_ENABLE_OBJC_WEAK = YES;
				CLANG_WARN_BLOCK_CAPTURE_AUTORELEASING = YES;
				CLANG_WARN_BOOL_CONVERSION = YES;
				CLANG_WARN_COMMA = YES;
				CLANG_WARN_CONSTANT_CONVERSION = YES;
				CLANG_WARN_DEPRECATED_OBJC_IMPLEMENTATIONS = YES;
				CLANG_WARN_DIRECT_OBJC_ISA_USAGE = YES_ERROR;
				CLANG_WARN_DOCUMENTATION_COMMENTS = YES;
				CLANG_WARN_EMPTY_BODY = YES;
				CLANG_WARN_ENUM_CONVERSION = YES;
				CLANG_WARN_INFINITE_RECURSION = YES;
				CLANG_WARN_INT_CONVERSION = YES;
				CLANG_WARN_NON_LITERAL_NULL_CONVERSION = YES;
				CLANG_WARN_OBJC_IMPLICIT_RETAIN_SELF = YES;
				CLANG_WARN_OBJC_LITERAL_CONVERSION = YES;
				CLANG_WARN_OBJC_ROOT_CLASS = YES_ERROR;
				CLANG_WARN_QUOTED_INCLUDE_IN_FRAMEWORK_HEADER = YES;
				CLANG_WARN_RANGE_LOOP_ANALYSIS = YES;
				CLANG_WARN_STRICT_PROTOTYPES = YES;
				CLANG_WARN_SUSPICIOUS_MOVE = YES;
				CLANG_WARN_UNGUARDED_AVAILABILITY = YES_AGGRESSIVE;
				CLANG_WARN_UNREACHABLE_CODE = YES;
				CLANG_WARN__DUPLICATE_METHOD_MATCH = YES;
				COPY_PHASE_STRIP = NO;
				CURRENT_PROJECT_VERSION = 1;
				DEBUG_INFORMATION_FORMAT = "dwarf-with-dsym";
				ENABLE_NS_ASSERTIONS = NO;
				ENABLE_STRICT_OBJC_MSGSEND = YES;
				GCC_C_LANGUAGE_STANDARD = gnu11;
				GCC_NO_COMMON_BLOCKS = YES;
				GCC_WARN_64_TO_32_BIT_CONVERSION = YES;
				GCC_WARN_ABOUT_RETURN_TYPE = YES_ERROR;
				GCC_WARN_UNDECLARED_SELECTOR = YES;
				GCC_WARN_UNINITIALIZED_AUTOS = YES_AGGRESSIVE;
				GCC_WARN_UNUSED_FUNCTION = YES;
				GCC_WARN_UNUSED_VARIABLE = YES;
				IPHONEOS_DEPLOYMENT_TARGET = 11.0;
				MTL_ENABLE_DEBUG_INFO = NO;
				MTL_FAST_MATH = YES;
				SDKROOT = iphoneos;
				SWIFT_COMPILATION_MODE = wholemodule;
				SWIFT_OPTIMIZATION_LEVEL = "-O";
				VALIDATE_PRODUCT = YES;
				VERSIONING_SYSTEM = "apple-generic";
				VERSION_INFO_PREFIX = "";
			};
			name = Release;
		};
		FC2A37DA2A73612A00794DEE /* Debug */ = {
			isa = XCBuildConfiguration;
			buildSettings = {
				CLANG_ENABLE_MODULES = YES;
				CODE_SIGN_STYLE = Automatic;
				CURRENT_PROJECT_VERSION = 1;
				DEFINES_MODULE = YES;
				DYLIB_COMPATIBILITY_VERSION = 1;
				DYLIB_CURRENT_VERSION = 1;
				DYLIB_INSTALL_NAME_BASE = "@rpath";
				ENABLE_MODULE_VERIFIER = YES;
				GENERATE_INFOPLIST_FILE = YES;
				INFOPLIST_KEY_NSHumanReadableCopyright = "";
				INSTALL_PATH = "$(LOCAL_LIBRARY_DIR)/Frameworks";
				IPHONEOS_DEPLOYMENT_TARGET = 11.0;
				LD_RUNPATH_SEARCH_PATHS = (
					"$(inherited)",
					"@executable_path/Frameworks",
					"@loader_path/Frameworks",
				);
				MARKETING_VERSION = 1.0;
				MODULE_VERIFIER_SUPPORTED_LANGUAGES = "objective-c objective-c++";
				MODULE_VERIFIER_SUPPORTED_LANGUAGE_STANDARDS = "gnu11 gnu++20";
				PRODUCT_BUNDLE_IDENTIFIER = com.myproduct.MPageMenu;
				PRODUCT_NAME = "$(TARGET_NAME:c99extidentifier)";
				SKIP_INSTALL = YES;
				SWIFT_EMIT_LOC_STRINGS = YES;
				SWIFT_OPTIMIZATION_LEVEL = "-Onone";
				SWIFT_VERSION = 5.0;
				TARGETED_DEVICE_FAMILY = "1,2";
			};
			name = Debug;
		};
		FC2A37DB2A73612A00794DEE /* Release */ = {
			isa = XCBuildConfiguration;
			buildSettings = {
				CLANG_ENABLE_MODULES = YES;
				CODE_SIGN_STYLE = Automatic;
				CURRENT_PROJECT_VERSION = 1;
				DEFINES_MODULE = YES;
				DYLIB_COMPATIBILITY_VERSION = 1;
				DYLIB_CURRENT_VERSION = 1;
				DYLIB_INSTALL_NAME_BASE = "@rpath";
				ENABLE_MODULE_VERIFIER = YES;
				GENERATE_INFOPLIST_FILE = YES;
				INFOPLIST_KEY_NSHumanReadableCopyright = "";
				INSTALL_PATH = "$(LOCAL_LIBRARY_DIR)/Frameworks";
				IPHONEOS_DEPLOYMENT_TARGET = 11.0;
				LD_RUNPATH_SEARCH_PATHS = (
					"$(inherited)",
					"@executable_path/Frameworks",
					"@loader_path/Frameworks",
				);
				MARKETING_VERSION = 1.0;
				MODULE_VERIFIER_SUPPORTED_LANGUAGES = "objective-c objective-c++";
				MODULE_VERIFIER_SUPPORTED_LANGUAGE_STANDARDS = "gnu11 gnu++20";
				PRODUCT_BUNDLE_IDENTIFIER = com.myproduct.MPageMenu;
				PRODUCT_NAME = "$(TARGET_NAME:c99extidentifier)";
				SKIP_INSTALL = YES;
				SWIFT_EMIT_LOC_STRINGS = YES;
				SWIFT_VERSION = 5.0;
				TARGETED_DEVICE_FAMILY = "1,2";
			};
			name = Release;
		};
		FC2A37DD2A73612A00794DEE /* Debug */ = {
			isa = XCBuildConfiguration;
			buildSettings = {
				ALWAYS_EMBED_SWIFT_STANDARD_LIBRARIES = YES;
				CODE_SIGN_STYLE = Automatic;
				CURRENT_PROJECT_VERSION = 1;
				GENERATE_INFOPLIST_FILE = YES;
				IPHONEOS_DEPLOYMENT_TARGET = 11.0;
				MARKETING_VERSION = 1.0;
				PRODUCT_BUNDLE_IDENTIFIER = com.myproduct.MPageMenuTests;
				PRODUCT_NAME = "$(TARGET_NAME)";
				SWIFT_EMIT_LOC_STRINGS = NO;
				SWIFT_VERSION = 5.0;
				TARGETED_DEVICE_FAMILY = "1,2";
			};
			name = Debug;
		};
		FC2A37DE2A73612A00794DEE /* Release */ = {
			isa = XCBuildConfiguration;
			buildSettings = {
				ALWAYS_EMBED_SWIFT_STANDARD_LIBRARIES = YES;
				CODE_SIGN_STYLE = Automatic;
				CURRENT_PROJECT_VERSION = 1;
				GENERATE_INFOPLIST_FILE = YES;
				IPHONEOS_DEPLOYMENT_TARGET = 11.0;
				MARKETING_VERSION = 1.0;
				PRODUCT_BUNDLE_IDENTIFIER = com.myproduct.MPageMenuTests;
				PRODUCT_NAME = "$(TARGET_NAME)";
				SWIFT_EMIT_LOC_STRINGS = NO;
				SWIFT_VERSION = 5.0;
				TARGETED_DEVICE_FAMILY = "1,2";
			};
			name = Release;
		};
		FC2A37F72A73625200794DEE /* Debug */ = {
			isa = XCBuildConfiguration;
			buildSettings = {
				ASSETCATALOG_COMPILER_APPICON_NAME = AppIcon;
				ASSETCATALOG_COMPILER_GLOBAL_ACCENT_COLOR_NAME = AccentColor;
				CODE_SIGN_STYLE = Automatic;
				CURRENT_PROJECT_VERSION = 1;
				GENERATE_INFOPLIST_FILE = YES;
				INFOPLIST_FILE = MPageMenuExample/Info.plist;
				INFOPLIST_KEY_UIApplicationSupportsIndirectInputEvents = YES;
				INFOPLIST_KEY_UILaunchStoryboardName = LaunchScreen;
				INFOPLIST_KEY_UIMainStoryboardFile = Main;
				INFOPLIST_KEY_UISupportedInterfaceOrientations_iPad = "UIInterfaceOrientationPortrait UIInterfaceOrientationPortraitUpsideDown UIInterfaceOrientationLandscapeLeft UIInterfaceOrientationLandscapeRight";
				INFOPLIST_KEY_UISupportedInterfaceOrientations_iPhone = "UIInterfaceOrientationPortrait UIInterfaceOrientationLandscapeLeft UIInterfaceOrientationLandscapeRight";
				IPHONEOS_DEPLOYMENT_TARGET = 11.0;
				LD_RUNPATH_SEARCH_PATHS = (
					"$(inherited)",
					"@executable_path/Frameworks",
				);
				MARKETING_VERSION = 1.0;
				PRODUCT_BUNDLE_IDENTIFIER = com.myproduct.MPageMenuExample;
				PRODUCT_NAME = "$(TARGET_NAME)";
				SWIFT_EMIT_LOC_STRINGS = YES;
				SWIFT_VERSION = 5.0;
				TARGETED_DEVICE_FAMILY = "1,2";
			};
			name = Debug;
		};
		FC2A37F82A73625200794DEE /* Release */ = {
			isa = XCBuildConfiguration;
			buildSettings = {
				ASSETCATALOG_COMPILER_APPICON_NAME = AppIcon;
				ASSETCATALOG_COMPILER_GLOBAL_ACCENT_COLOR_NAME = AccentColor;
				CODE_SIGN_STYLE = Automatic;
				CURRENT_PROJECT_VERSION = 1;
				GENERATE_INFOPLIST_FILE = YES;
				INFOPLIST_FILE = MPageMenuExample/Info.plist;
				INFOPLIST_KEY_UIApplicationSupportsIndirectInputEvents = YES;
				INFOPLIST_KEY_UILaunchStoryboardName = LaunchScreen;
				INFOPLIST_KEY_UIMainStoryboardFile = Main;
				INFOPLIST_KEY_UISupportedInterfaceOrientations_iPad = "UIInterfaceOrientationPortrait UIInterfaceOrientationPortraitUpsideDown UIInterfaceOrientationLandscapeLeft UIInterfaceOrientationLandscapeRight";
				INFOPLIST_KEY_UISupportedInterfaceOrientations_iPhone = "UIInterfaceOrientationPortrait UIInterfaceOrientationLandscapeLeft UIInterfaceOrientationLandscapeRight";
				IPHONEOS_DEPLOYMENT_TARGET = 11.0;
				LD_RUNPATH_SEARCH_PATHS = (
					"$(inherited)",
					"@executable_path/Frameworks",
				);
				MARKETING_VERSION = 1.0;
				PRODUCT_BUNDLE_IDENTIFIER = com.myproduct.MPageMenuExample;
				PRODUCT_NAME = "$(TARGET_NAME)";
				SWIFT_EMIT_LOC_STRINGS = YES;
				SWIFT_VERSION = 5.0;
				TARGETED_DEVICE_FAMILY = "1,2";
			};
			name = Release;
		};
/* End XCBuildConfiguration section */

/* Begin XCConfigurationList section */
		FC2A37C12A73612900794DEE /* Build configuration list for PBXProject "MPageMenu" */ = {
			isa = XCConfigurationList;
			buildConfigurations = (
				FC2A37D72A73612A00794DEE /* Debug */,
				FC2A37D82A73612A00794DEE /* Release */,
			);
			defaultConfigurationIsVisible = 0;
			defaultConfigurationName = Release;
		};
		FC2A37D92A73612A00794DEE /* Build configuration list for PBXNativeTarget "MPageMenu" */ = {
			isa = XCConfigurationList;
			buildConfigurations = (
				FC2A37DA2A73612A00794DEE /* Debug */,
				FC2A37DB2A73612A00794DEE /* Release */,
			);
			defaultConfigurationIsVisible = 0;
			defaultConfigurationName = Release;
		};
		FC2A37DC2A73612A00794DEE /* Build configuration list for PBXNativeTarget "MPageMenuTests" */ = {
			isa = XCConfigurationList;
			buildConfigurations = (
				FC2A37DD2A73612A00794DEE /* Debug */,
				FC2A37DE2A73612A00794DEE /* Release */,
			);
			defaultConfigurationIsVisible = 0;
			defaultConfigurationName = Release;
		};
		FC2A37F62A73625200794DEE /* Build configuration list for PBXNativeTarget "MPageMenuExample" */ = {
			isa = XCConfigurationList;
			buildConfigurations = (
				FC2A37F72A73625200794DEE /* Debug */,
				FC2A37F82A73625200794DEE /* Release */,
			);
			defaultConfigurationIsVisible = 0;
			defaultConfigurationName = Release;
		};
/* End XCConfigurationList section */
	};
	rootObject = FC2A37BE2A73612900794DEE /* Project object */;
}
